
Microsoft Visual Studio Solution File, Format Version 12.00
# Visual Studio Version 17
VisualStudioVersion = 17.11.35312.102
MinimumVisualStudioVersion = 10.0.40219.1
Project("{FAE04EC0-301F-11D3-BF4B-00C04F79EFBC}") = "Garage", "Garage.csproj", "{6BAD3018-E54B-47F9-815C-C8A048E528BE}"
EndProject
Global
	GlobalSection(SolutionConfigurationPlatforms) = preSolution
		Debug|Any CPU = Debug|Any CPU
		Release|Any CPU = Release|Any CPU
	EndGlobalSection
	GlobalSection(ProjectConfigurationPlatforms) = postSolution
		{6BAD3018-E54B-47F9-815C-C8A048E528BE}.Debug|Any CPU.ActiveCfg = Debug|Any CPU
		{6BAD3018-E54B-47F9-815C-C8A048E528BE}.Debug|Any CPU.Build.0 = Debug|Any CPU
		{6BAD3018-E54B-47F9-815C-C8A048E528BE}.Release|Any CPU.ActiveCfg = Release|Any CPU
		{6BAD3018-E54B-47F9-815C-C8A048E528BE}.Release|Any CPU.Build.0 = Release|Any CPU
	EndGlobalSection
	GlobalSection(SolutionProperties) = preSolution
		HideSolutionNode = FALSE
	EndGlobalSection
	GlobalSection(ExtensibilityGlobals) = postSolution
		SolutionGuid = {54A1175B-F53A-4BBB-8432-AF617D5FF9EA}
	EndGlobalSection
EndGlobal
